
Microsoft Visual Studio Solution File, Format Version 12.00
# Visual Studio 15
VisualStudioVersion = 15.0.27428.2015
MinimumVisualStudioVersion = 10.0.40219.1
Project("{FAE04EC0-301F-11D3-BF4B-00C04F79EFBC}") = "WebRastreamento.Domain", "WebRastreamento.Domain\WebRastreamento.Domain.csproj", "{1243628A-2DB2-421B-903A-BEEE61ADE811}"
EndProject
Project("{FAE04EC0-301F-11D3-BF4B-00C04F79EFBC}") = "WebRastreamento.Infra", "WebRastreamento.Infra\WebRastreamento.Infra.csproj", "{461E8DBE-352E-487C-ABBC-67A04FEC6EBC}"
EndProject
Project("{FAE04EC0-301F-11D3-BF4B-00C04F79EFBC}") = "WebRastreamento.Api", "WebRastreamento.Api\WebRastreamento.Api.csproj", "{3B7719D4-D68A-4507-8E6F-F7E927781C48}"
EndProject
Global
	GlobalSection(SolutionConfigurationPlatforms) = preSolution
		Debug|Any CPU = Debug|Any CPU
		Release|Any CPU = Release|Any CPU
	EndGlobalSection
	GlobalSection(ProjectConfigurationPlatforms) = postSolution
		{1243628A-2DB2-421B-903A-BEEE61ADE811}.Debug|Any CPU.ActiveCfg = Debug|Any CPU
		{1243628A-2DB2-421B-903A-BEEE61ADE811}.Debug|Any CPU.Build.0 = Debug|Any CPU
		{1243628A-2DB2-421B-903A-BEEE61ADE811}.Release|Any CPU.ActiveCfg = Release|Any CPU
		{1243628A-2DB2-421B-903A-BEEE61ADE811}.Release|Any CPU.Build.0 = Release|Any CPU
		{461E8DBE-352E-487C-ABBC-67A04FEC6EBC}.Debug|Any CPU.ActiveCfg = Debug|Any CPU
		{461E8DBE-352E-487C-ABBC-67A04FEC6EBC}.Debug|Any CPU.Build.0 = Debug|Any CPU
		{461E8DBE-352E-487C-ABBC-67A04FEC6EBC}.Release|Any CPU.ActiveCfg = Release|Any CPU
		{461E8DBE-352E-487C-ABBC-67A04FEC6EBC}.Release|Any CPU.Build.0 = Release|Any CPU
		{3B7719D4-D68A-4507-8E6F-F7E927781C48}.Debug|Any CPU.ActiveCfg = Debug|Any CPU
		{3B7719D4-D68A-4507-8E6F-F7E927781C48}.Debug|Any CPU.Build.0 = Debug|Any CPU
		{3B7719D4-D68A-4507-8E6F-F7E927781C48}.Release|Any CPU.ActiveCfg = Release|Any CPU
		{3B7719D4-D68A-4507-8E6F-F7E927781C48}.Release|Any CPU.Build.0 = Release|Any CPU
	EndGlobalSection
	GlobalSection(SolutionProperties) = preSolution
		HideSolutionNode = FALSE
	EndGlobalSection
	GlobalSection(ExtensibilityGlobals) = postSolution
		SolutionGuid = {B2B145D2-4EFB-469C-BE3A-3F11DF016B8B}
	EndGlobalSection
EndGlobal
